// !$*UTF8*$!
{
	archiveVersion = 1;
	classes = {
	};
	objectVersion = 55;
	objects = {

/* Begin PBXBuildFile section */
		5A6AADC82762811D0063E340 /* AppDelegate.swift in Sources */ = {isa = PBXBuildFile; fileRef = 5A6AADC72762811D0063E340 /* AppDelegate.swift */; };
		5A6AADCA2762811D0063E340 /* SceneDelegate.swift in Sources */ = {isa = PBXBuildFile; fileRef = 5A6AADC92762811D0063E340 /* SceneDelegate.swift */; };
		5A6AADCC2762811D0063E340 /* ExchangeListVC.swift in Sources */ = {isa = PBXBuildFile; fileRef = 5A6AADCB2762811D0063E340 /* ExchangeListVC.swift */; };
		5A6AADCF2762811D0063E340 /* Main.storyboard in Resources */ = {isa = PBXBuildFile; fileRef = 5A6AADCD2762811D0063E340 /* Main.storyboard */; };
		5A6AADD12762811F0063E340 /* Assets.xcassets in Resources */ = {isa = PBXBuildFile; fileRef = 5A6AADD02762811F0063E340 /* Assets.xcassets */; };
		5A6AADD42762811F0063E340 /* LaunchScreen.storyboard in Resources */ = {isa = PBXBuildFile; fileRef = 5A6AADD22762811F0063E340 /* LaunchScreen.storyboard */; };
		5A6AADDD276286540063E340 /* ExchangeListVM.swift in Sources */ = {isa = PBXBuildFile; fileRef = 5A6AADDC276286540063E340 /* ExchangeListVM.swift */; };
		5A6AADE0276287B90063E340 /* ExchangeListTVC.swift in Sources */ = {isa = PBXBuildFile; fileRef = 5A6AADDF276287B90063E340 /* ExchangeListTVC.swift */; };
		5A6AADE3276288340063E340 /* ViewEx.swift in Sources */ = {isa = PBXBuildFile; fileRef = 5A6AADE2276288340063E340 /* ViewEx.swift */; };
/* End PBXBuildFile section */

/* Begin PBXFileReference section */
		5A6AADC42762811D0063E340 /* StockExchange.app */ = {isa = PBXFileReference; explicitFileType = wrapper.application; includeInIndex = 0; path = StockExchange.app; sourceTree = BUILT_PRODUCTS_DIR; };
		5A6AADC72762811D0063E340 /* AppDelegate.swift */ = {isa = PBXFileReference; lastKnownFileType = sourcecode.swift; path = AppDelegate.swift; sourceTree = "<group>"; };
		5A6AADC92762811D0063E340 /* SceneDelegate.swift */ = {isa = PBXFileReference; lastKnownFileType = sourcecode.swift; path = SceneDelegate.swift; sourceTree = "<group>"; };
		5A6AADCB2762811D0063E340 /* ExchangeListVC.swift */ = {isa = PBXFileReference; lastKnownFileType = sourcecode.swift; path = ExchangeListVC.swift; sourceTree = "<group>"; };
		5A6AADCE2762811D0063E340 /* Base */ = {isa = PBXFileReference; lastKnownFileType = file.storyboard; name = Base; path = Base.lproj/Main.storyboard; sourceTree = "<group>"; };
		5A6AADD02762811F0063E340 /* Assets.xcassets */ = {isa = PBXFileReference; lastKnownFileType = folder.assetcatalog; path = Assets.xcassets; sourceTree = "<group>"; };
		5A6AADD32762811F0063E340 /* Base */ = {isa = PBXFileReference; lastKnownFileType = file.storyboard; name = Base; path = Base.lproj/LaunchScreen.storyboard; sourceTree = "<group>"; };
		5A6AADD52762811F0063E340 /* Info.plist */ = {isa = PBXFileReference; lastKnownFileType = text.plist.xml; path = Info.plist; sourceTree = "<group>"; };
		5A6AADDC276286540063E340 /* ExchangeListVM.swift */ = {isa = PBXFileReference; lastKnownFileType = sourcecode.swift; path = ExchangeListVM.swift; sourceTree = "<group>"; };
		5A6AADDF276287B90063E340 /* ExchangeListTVC.swift */ = {isa = PBXFileReference; lastKnownFileType = sourcecode.swift; path = ExchangeListTVC.swift; sourceTree = "<group>"; };
		5A6AADE2276288340063E340 /* ViewEx.swift */ = {isa = PBXFileReference; lastKnownFileType = sourcecode.swift; path = ViewEx.swift; sourceTree = "<group>"; };
/* End PBXFileReference section */

/* Begin PBXFrameworksBuildPhase section */
		5A6AADC12762811D0063E340 /* Frameworks */ = {
			isa = PBXFrameworksBuildPhase;
			buildActionMask = 2147483647;
			files = (
			);
			runOnlyForDeploymentPostprocessing = 0;
		};
/* End PBXFrameworksBuildPhase section */

/* Begin PBXGroup section */
		5A6AADBB2762811D0063E340 = {
			isa = PBXGroup;
			children = (
				5A6AADC62762811D0063E340 /* StockExchange */,
				5A6AADC52762811D0063E340 /* Products */,
			);
			sourceTree = "<group>";
		};
		5A6AADC52762811D0063E340 /* Products */ = {
			isa = PBXGroup;
			children = (
				5A6AADC42762811D0063E340 /* StockExchange.app */,
			);
			name = Products;
			sourceTree = "<group>";
		};
		5A6AADC62762811D0063E340 /* StockExchange */ = {
			isa = PBXGroup;
			children = (
				5A6AADE1276288160063E340 /* Extension */,
				5A6AADDB276285FC0063E340 /* Delegate */,
				5A6AADDE276286960063E340 /* MoneyExchange */,
				5A6AADCD2762811D0063E340 /* Main.storyboard */,
				5A6AADD02762811F0063E340 /* Assets.xcassets */,
				5A6AADD22762811F0063E340 /* LaunchScreen.storyboard */,
				5A6AADD52762811F0063E340 /* Info.plist */,
			);
			path = StockExchange;
			sourceTree = "<group>";
		};
		5A6AADDB276285FC0063E340 /* Delegate */ = {
			isa = PBXGroup;
			children = (
				5A6AADC92762811D0063E340 /* SceneDelegate.swift */,
				5A6AADC72762811D0063E340 /* AppDelegate.swift */,
			);
			path = Delegate;
			sourceTree = "<group>";
		};
		5A6AADDE276286960063E340 /* MoneyExchange */ = {
			isa = PBXGroup;
			children = (
				5A6AADCB2762811D0063E340 /* ExchangeListVC.swift */,
				5A6AADDC276286540063E340 /* ExchangeListVM.swift */,
				5A6AADDF276287B90063E340 /* ExchangeListTVC.swift */,
			);
			path = MoneyExchange;
			sourceTree = "<group>";
		};
		5A6AADE1276288160063E340 /* Extension */ = {
			isa = PBXGroup;
			children = (
				5A6AADE2276288340063E340 /* ViewEx.swift */,
			);
			path = Extension;
			sourceTree = "<group>";
		};
/* End PBXGroup section */

/* Begin PBXNativeTarget section */
		5A6AADC32762811D0063E340 /* StockExchange */ = {
			isa = PBXNativeTarget;
			buildConfigurationList = 5A6AADD82762811F0063E340 /* Build configuration list for PBXNativeTarget "StockExchange" */;
			buildPhases = (
				5A6AADC02762811D0063E340 /* Sources */,
				5A6AADC12762811D0063E340 /* Frameworks */,
				5A6AADC22762811D0063E340 /* Resources */,
			);
			buildRules = (
			);
			dependencies = (
			);
			name = StockExchange;
			productName = StockExchange;
			productReference = 5A6AADC42762811D0063E340 /* StockExchange.app */;
			productType = "com.apple.product-type.application";
		};
/* End PBXNativeTarget section */

/* Begin PBXProject section */
		5A6AADBC2762811D0063E340 /* Project object */ = {
			isa = PBXProject;
			attributes = {
				BuildIndependentTargetsInParallel = 1;
				LastSwiftUpdateCheck = 1310;
				LastUpgradeCheck = 1310;
				TargetAttributes = {
					5A6AADC32762811D0063E340 = {
						CreatedOnToolsVersion = 13.1;
					};
				};
			};
			buildConfigurationList = 5A6AADBF2762811D0063E340 /* Build configuration list for PBXProject "StockExchange" */;
			compatibilityVersion = "Xcode 13.0";
			developmentRegion = en;
			hasScannedForEncodings = 0;
			knownRegions = (
				en,
				Base,
			);
			mainGroup = 5A6AADBB2762811D0063E340;
			productRefGroup = 5A6AADC52762811D0063E340 /* Products */;
			projectDirPath = "";
			projectRoot = "";
			targets = (
				5A6AADC32762811D0063E340 /* StockExchange */,
			);
		};
/* End PBXProject section */

/* Begin PBXResourcesBuildPhase section */
		5A6AADC22762811D0063E340 /* Resources */ = {
			isa = PBXResourcesBuildPhase;
			buildActionMask = 2147483647;
			files = (
				5A6AADD42762811F0063E340 /* LaunchScreen.storyboard in Resources */,
				5A6AADD12762811F0063E340 /* Assets.xcassets in Resources */,
				5A6AADCF2762811D0063E340 /* Main.storyboard in Resources */,
			);
			runOnlyForDeploymentPostprocessing = 0;
		};
/* End PBXResourcesBuildPhase section */

/* Begin PBXSourcesBuildPhase section */
		5A6AADC02762811D0063E340 /* Sources */ = {
			isa = PBXSourcesBuildPhase;
			buildActionMask = 2147483647;
			files = (
				5A6AADE0276287B90063E340 /* ExchangeListTVC.swift in Sources */,
				5A6AADCC2762811D0063E340 /* ExchangeListVC.swift in Sources */,
				5A6AADDD276286540063E340 /* ExchangeListVM.swift in Sources */,
				5A6AADC82762811D0063E340 /* AppDelegate.swift in Sources */,
				5A6AADCA2762811D0063E340 /* SceneDelegate.swift in Sources */,
				5A6AADE3276288340063E340 /* ViewEx.swift in Sources */,
			);
			runOnlyForDeploymentPostprocessing = 0;
		};
/* End PBXSourcesBuildPhase section */

/* Begin PBXVariantGroup section */
		5A6AADCD2762811D0063E340 /* Main.storyboard */ = {
			isa = PBXVariantGroup;
			children = (
				5A6AADCE2762811D0063E340 /* Base */,
			);
			name = Main.storyboard;
			sourceTree = "<group>";
		};
		5A6AADD22762811F0063E340 /* LaunchScreen.storyboard */ = {
			isa = PBXVariantGroup;
			children = (
				5A6AADD32762811F0063E340 /* Base */,
			);
			name = LaunchScreen.storyboard;
			sourceTree = "<group>";
		};
/* End PBXVariantGroup section */

/* Begin XCBuildConfiguration section */
		5A6AADD62762811F0063E340 /* Debug */ = {
			isa = XCBuildConfiguration;
			buildSettings = {
				ALWAYS_SEARCH_USER_PATHS = NO;
				CLANG_ANALYZER_NONNULL = YES;
				CLANG_ANALYZER_NUMBER_OBJECT_CONVERSION = YES_AGGRESSIVE;
				CLANG_CXX_LANGUAGE_STANDARD = "gnu++17";
				CLANG_CXX_LIBRARY = "libc++";
				CLANG_ENABLE_MODULES = YES;
				CLANG_ENABLE_OBJC_ARC = YES;
				CLANG_ENABLE_OBJC_WEAK = YES;
				CLANG_WARN_BLOCK_CAPTURE_AUTORELEASING = YES;
				CLANG_WARN_BOOL_CONVERSION = YES;
				CLANG_WARN_COMMA = YES;
				CLANG_WARN_CONSTANT_CONVERSION = YES;
				CLANG_WARN_DEPRECATED_OBJC_IMPLEMENTATIONS = YES;
				CLANG_WARN_DIRECT_OBJC_ISA_USAGE = YES_ERROR;
				CLANG_WARN_DOCUMENTATION_COMMENTS = YES;
				CLANG_WARN_EMPTY_BODY = YES;
				CLANG_WARN_ENUM_CONVERSION = YES;
				CLANG_WARN_INFINITE_RECURSION = YES;
				CLANG_WARN_INT_CONVERSION = YES;
				CLANG_WARN_NON_LITERAL_NULL_CONVERSION = YES;
				CLANG_WARN_OBJC_IMPLICIT_RETAIN_SELF = YES;
				CLANG_WARN_OBJC_LITERAL_CONVERSION = YES;
				CLANG_WARN_OBJC_ROOT_CLASS = YES_ERROR;
				CLANG_WARN_QUOTED_INCLUDE_IN_FRAMEWORK_HEADER = YES;
				CLANG_WARN_RANGE_LOOP_ANALYSIS = YES;
				CLANG_WARN_STRICT_PROTOTYPES = YES;
				CLANG_WARN_SUSPICIOUS_MOVE = YES;
				CLANG_WARN_UNGUARDED_AVAILABILITY = YES_AGGRESSIVE;
				CLANG_WARN_UNREACHABLE_CODE = YES;
				CLANG_WARN__DUPLICATE_METHOD_MATCH = YES;
				COPY_PHASE_STRIP = NO;
				DEBUG_INFORMATION_FORMAT = dwarf;
				ENABLE_STRICT_OBJC_MSGSEND = YES;
				ENABLE_TESTABILITY = YES;
				GCC_C_LANGUAGE_STANDARD = gnu11;
				GCC_DYNAMIC_NO_PIC = NO;
				GCC_NO_COMMON_BLOCKS = YES;
				GCC_OPTIMIZATION_LEVEL = 0;
				GCC_PREPROCESSOR_DEFINITIONS = (
					"DEBUG=1",
					"$(inherited)",
				);
				GCC_WARN_64_TO_32_BIT_CONVERSION = YES;
				GCC_WARN_ABOUT_RETURN_TYPE = YES_ERROR;
				GCC_WARN_UNDECLARED_SELECTOR = YES;
				GCC_WARN_UNINITIALIZED_AUTOS = YES_AGGRESSIVE;
				GCC_WARN_UNUSED_FUNCTION = YES;
				GCC_WARN_UNUSED_VARIABLE = YES;
				IPHONEOS_DEPLOYMENT_TARGET = 15.0;
				MTL_ENABLE_DEBUG_INFO = INCLUDE_SOURCE;
				MTL_FAST_MATH = YES;
				ONLY_ACTIVE_ARCH = YES;
				SDKROOT = iphoneos;
				SWIFT_ACTIVE_COMPILATION_CONDITIONS = DEBUG;
				SWIFT_OPTIMIZATION_LEVEL = "-Onone";
			};
			name = Debug;
		};
		5A6AADD72762811F0063E340 /* Release */ = {
			isa = XCBuildConfiguration;
			buildSettings = {
				ALWAYS_SEARCH_USER_PATHS = NO;
				CLANG_ANALYZER_NONNULL = YES;
				CLANG_ANALYZER_NUMBER_OBJECT_CONVERSION = YES_AGGRESSIVE;
				CLANG_CXX_LANGUAGE_STANDARD = "gnu++17";
				CLANG_CXX_LIBRARY = "libc++";
				CLANG_ENABLE_MODULES = YES;
				CLANG_ENABLE_OBJC_ARC = YES;
				CLANG_ENABLE_OBJC_WEAK = YES;
				CLANG_WARN_BLOCK_CAPTURE_AUTORELEASING = YES;
				CLANG_WARN_BOOL_CONVERSION = YES;
				CLANG_WARN_COMMA = YES;
				CLANG_WARN_CONSTANT_CONVERSION = YES;
				CLANG_WARN_DEPRECATED_OBJC_IMPLEMENTATIONS = YES;
				CLANG_WARN_DIRECT_OBJC_ISA_USAGE = YES_ERROR;
				CLANG_WARN_DOCUMENTATION_COMMENTS = YES;
				CLANG_WARN_EMPTY_BODY = YES;
				CLANG_WARN_ENUM_CONVERSION = YES;
				CLANG_WARN_INFINITE_RECURSION = YES;
				CLANG_WARN_INT_CONVERSION = YES;
				CLANG_WARN_NON_LITERAL_NULL_CONVERSION = YES;
				CLANG_WARN_OBJC_IMPLICIT_RETAIN_SELF = YES;
				CLANG_WARN_OBJC_LITERAL_CONVERSION = YES;
				CLANG_WARN_OBJC_ROOT_CLASS = YES_ERROR;
				CLANG_WARN_QUOTED_INCLUDE_IN_FRAMEWORK_HEADER = YES;
				CLANG_WARN_RANGE_LOOP_ANALYSIS = YES;
				CLANG_WARN_STRICT_PROTOTYPES = YES;
				CLANG_WARN_SUSPICIOUS_MOVE = YES;
				CLANG_WARN_UNGUARDED_AVAILABILITY = YES_AGGRESSIVE;
				CLANG_WARN_UNREACHABLE_CODE = YES;
				CLANG_WARN__DUPLICATE_METHOD_MATCH = YES;
				COPY_PHASE_STRIP = NO;
				DEBUG_INFORMATION_FORMAT = "dwarf-with-dsym";
				ENABLE_NS_ASSERTIONS = NO;
				ENABLE_STRICT_OBJC_MSGSEND = YES;
				GCC_C_LANGUAGE_STANDARD = gnu11;
				GCC_NO_COMMON_BLOCKS = YES;
				GCC_WARN_64_TO_32_BIT_CONVERSION = YES;
				GCC_WARN_ABOUT_RETURN_TYPE = YES_ERROR;
				GCC_WARN_UNDECLARED_SELECTOR = YES;
				GCC_WARN_UNINITIALIZED_AUTOS = YES_AGGRESSIVE;
				GCC_WARN_UNUSED_FUNCTION = YES;
				GCC_WARN_UNUSED_VARIABLE = YES;
				IPHONEOS_DEPLOYMENT_TARGET = 15.0;
				MTL_ENABLE_DEBUG_INFO = NO;
				MTL_FAST_MATH = YES;
				SDKROOT = iphoneos;
				SWIFT_COMPILATION_MODE = wholemodule;
				SWIFT_OPTIMIZATION_LEVEL = "-O";
				VALIDATE_PRODUCT = YES;
			};
			name = Release;
		};
		5A6AADD92762811F0063E340 /* Debug */ = {
			isa = XCBuildConfiguration;
			buildSettings = {
				ASSETCATALOG_COMPILER_APPICON_NAME = AppIcon;
				ASSETCATALOG_COMPILER_GLOBAL_ACCENT_COLOR_NAME = AccentColor;
				CODE_SIGN_STYLE = Automatic;
				CURRENT_PROJECT_VERSION = 1;
				GENERATE_INFOPLIST_FILE = YES;
				INFOPLIST_FILE = StockExchange/Info.plist;
				INFOPLIST_KEY_UIApplicationSupportsIndirectInputEvents = YES;
				INFOPLIST_KEY_UILaunchStoryboardName = LaunchScreen;
				INFOPLIST_KEY_UIMainStoryboardFile = Main;
				INFOPLIST_KEY_UISupportedInterfaceOrientations_iPad = "UIInterfaceOrientationPortrait UIInterfaceOrientationPortraitUpsideDown UIInterfaceOrientationLandscapeLeft UIInterfaceOrientationLandscapeRight";
				INFOPLIST_KEY_UISupportedInterfaceOrientations_iPhone = "UIInterfaceOrientationPortrait UIInterfaceOrientationLandscapeLeft UIInterfaceOrientationLandscapeRight";
				IPHONEOS_DEPLOYMENT_TARGET = 13.0;
				LD_RUNPATH_SEARCH_PATHS = (
					"$(inherited)",
					"@executable_path/Frameworks",
				);
				MARKETING_VERSION = 1.0;
				PRODUCT_BUNDLE_IDENTIFIER = PrideGroup.StockExchange;
				PRODUCT_NAME = "$(TARGET_NAME)";
				SWIFT_EMIT_LOC_STRINGS = YES;
				SWIFT_VERSION = 5.0;
				TARGETED_DEVICE_FAMILY = 1;
			};
			name = Debug;
		};
		5A6AADDA2762811F0063E340 /* Release */ = {
			isa = XCBuildConfiguration;
			buildSettings = {
				ASSETCATALOG_COMPILER_APPICON_NAME = AppIcon;
				ASSETCATALOG_COMPILER_GLOBAL_ACCENT_COLOR_NAME = AccentColor;
				CODE_SIGN_STYLE = Automatic;
				CURRENT_PROJECT_VERSION = 1;
				GENERATE_INFOPLIST_FILE = YES;
				INFOPLIST_FILE = StockExchange/Info.plist;
				INFOPLIST_KEY_UIApplicationSupportsIndirectInputEvents = YES;
				INFOPLIST_KEY_UILaunchStoryboardName = LaunchScreen;
				INFOPLIST_KEY_UIMainStoryboardFile = Main;
				INFOPLIST_KEY_UISupportedInterfaceOrientations_iPad = "UIInterfaceOrientationPortrait UIInterfaceOrientationPortraitUpsideDown UIInterfaceOrientationLandscapeLeft UIInterfaceOrientationLandscapeRight";
				INFOPLIST_KEY_UISupportedInterfaceOrientations_iPhone = "UIInterfaceOrientationPortrait UIInterfaceOrientationLandscapeLeft UIInterfaceOrientationLandscapeRight";
				IPHONEOS_DEPLOYMENT_TARGET = 13.0;
				LD_RUNPATH_SEARCH_PATHS = (
					"$(inherited)",
					"@executable_path/Frameworks",
				);
				MARKETING_VERSION = 1.0;
				PRODUCT_BUNDLE_IDENTIFIER = PrideGroup.StockExchange;
				PRODUCT_NAME = "$(TARGET_NAME)";
				SWIFT_EMIT_LOC_STRINGS = YES;
				SWIFT_VERSION = 5.0;
				TARGETED_DEVICE_FAMILY = 1;
			};
			name = Release;
		};
/* End XCBuildConfiguration section */

/* Begin XCConfigurationList section */
		5A6AADBF2762811D0063E340 /* Build configuration list for PBXProject "StockExchange" */ = {
			isa = XCConfigurationList;
			buildConfigurations = (
				5A6AADD62762811F0063E340 /* Debug */,
				5A6AADD72762811F0063E340 /* Release */,
			);
			defaultConfigurationIsVisible = 0;
			defaultConfigurationName = Release;
		};
		5A6AADD82762811F0063E340 /* Build configuration list for PBXNativeTarget "StockExchange" */ = {
			isa = XCConfigurationList;
			buildConfigurations = (
				5A6AADD92762811F0063E340 /* Debug */,
				5A6AADDA2762811F0063E340 /* Release */,
			);
			defaultConfigurationIsVisible = 0;
			defaultConfigurationName = Release;
		};
/* End XCConfigurationList section */
	};
	rootObject = 5A6AADBC2762811D0063E340 /* Project object */;
}
